// !$*UTF8*$!
{
	archiveVersion = 1;
	classes = {
	};
	objectVersion = 56;
	objects = {

/* Begin PBXBuildFile section */
		E1DA5C242B9C99750035CE48 /* AppDelegate.swift in Sources */ = {isa = PBXBuildFile; fileRef = E1DA5C232B9C99750035CE48 /* AppDelegate.swift */; };
		E1DA5C262B9C99750035CE48 /* SceneDelegate.swift in Sources */ = {isa = PBXBuildFile; fileRef = E1DA5C252B9C99750035CE48 /* SceneDelegate.swift */; };
		E1DA5C282B9C99750035CE48 /* ViewController.swift in Sources */ = {isa = PBXBuildFile; fileRef = E1DA5C272B9C99750035CE48 /* ViewController.swift */; };
		E1DA5C2B2B9C99750035CE48 /* Main.storyboard in Resources */ = {isa = PBXBuildFile; fileRef = E1DA5C292B9C99750035CE48 /* Main.storyboard */; };
		E1DA5C2D2B9C99770035CE48 /* Assets.xcassets in Resources */ = {isa = PBXBuildFile; fileRef = E1DA5C2C2B9C99770035CE48 /* Assets.xcassets */; };
		E1DA5C302B9C99770035CE48 /* LaunchScreen.storyboard in Resources */ = {isa = PBXBuildFile; fileRef = E1DA5C2E2B9C99770035CE48 /* LaunchScreen.storyboard */; };
		E1DA5C3B2B9C99780035CE48 /* TinkoffCalculatorTests.swift in Sources */ = {isa = PBXBuildFile; fileRef = E1DA5C3A2B9C99780035CE48 /* TinkoffCalculatorTests.swift */; };
		E1DA5C452B9C99780035CE48 /* TinkoffCalculatorUITests.swift in Sources */ = {isa = PBXBuildFile; fileRef = E1DA5C442B9C99780035CE48 /* TinkoffCalculatorUITests.swift */; };
		E1DA5C472B9C99780035CE48 /* TinkoffCalculatorUITestsLaunchTests.swift in Sources */ = {isa = PBXBuildFile; fileRef = E1DA5C462B9C99780035CE48 /* TinkoffCalculatorUITestsLaunchTests.swift */; };
/* End PBXBuildFile section */

/* Begin PBXContainerItemProxy section */
		E1DA5C372B9C99780035CE48 /* PBXContainerItemProxy */ = {
			isa = PBXContainerItemProxy;
			containerPortal = E1DA5C182B9C99750035CE48 /* Project object */;
			proxyType = 1;
			remoteGlobalIDString = E1DA5C1F2B9C99750035CE48;
			remoteInfo = TinkoffCalculator;
		};
		E1DA5C412B9C99780035CE48 /* PBXContainerItemProxy */ = {
			isa = PBXContainerItemProxy;
			containerPortal = E1DA5C182B9C99750035CE48 /* Project object */;
			proxyType = 1;
			remoteGlobalIDString = E1DA5C1F2B9C99750035CE48;
			remoteInfo = TinkoffCalculator;
		};
/* End PBXContainerItemProxy section */

/* Begin PBXFileReference section */
		E1DA5C202B9C99750035CE48 /* TinkoffCalculator.app */ = {isa = PBXFileReference; explicitFileType = wrapper.application; includeInIndex = 0; path = TinkoffCalculator.app; sourceTree = BUILT_PRODUCTS_DIR; };
		E1DA5C232B9C99750035CE48 /* AppDelegate.swift */ = {isa = PBXFileReference; lastKnownFileType = sourcecode.swift; path = AppDelegate.swift; sourceTree = "<group>"; };
		E1DA5C252B9C99750035CE48 /* SceneDelegate.swift */ = {isa = PBXFileReference; lastKnownFileType = sourcecode.swift; path = SceneDelegate.swift; sourceTree = "<group>"; };
		E1DA5C272B9C99750035CE48 /* ViewController.swift */ = {isa = PBXFileReference; lastKnownFileType = sourcecode.swift; path = ViewController.swift; sourceTree = "<group>"; };
		E1DA5C2A2B9C99750035CE48 /* Base */ = {isa = PBXFileReference; lastKnownFileType = file.storyboard; name = Base; path = Base.lproj/Main.storyboard; sourceTree = "<group>"; };
		E1DA5C2C2B9C99770035CE48 /* Assets.xcassets */ = {isa = PBXFileReference; lastKnownFileType = folder.assetcatalog; path = Assets.xcassets; sourceTree = "<group>"; };
		E1DA5C2F2B9C99770035CE48 /* Base */ = {isa = PBXFileReference; lastKnownFileType = file.storyboard; name = Base; path = Base.lproj/LaunchScreen.storyboard; sourceTree = "<group>"; };
		E1DA5C312B9C99770035CE48 /* Info.plist */ = {isa = PBXFileReference; lastKnownFileType = text.plist.xml; path = Info.plist; sourceTree = "<group>"; };
		E1DA5C362B9C99780035CE48 /* TinkoffCalculatorTests.xctest */ = {isa = PBXFileReference; explicitFileType = wrapper.cfbundle; includeInIndex = 0; path = TinkoffCalculatorTests.xctest; sourceTree = BUILT_PRODUCTS_DIR; };
		E1DA5C3A2B9C99780035CE48 /* TinkoffCalculatorTests.swift */ = {isa = PBXFileReference; lastKnownFileType = sourcecode.swift; path = TinkoffCalculatorTests.swift; sourceTree = "<group>"; };
		E1DA5C402B9C99780035CE48 /* TinkoffCalculatorUITests.xctest */ = {isa = PBXFileReference; explicitFileType = wrapper.cfbundle; includeInIndex = 0; path = TinkoffCalculatorUITests.xctest; sourceTree = BUILT_PRODUCTS_DIR; };
		E1DA5C442B9C99780035CE48 /* TinkoffCalculatorUITests.swift */ = {isa = PBXFileReference; lastKnownFileType = sourcecode.swift; path = TinkoffCalculatorUITests.swift; sourceTree = "<group>"; };
		E1DA5C462B9C99780035CE48 /* TinkoffCalculatorUITestsLaunchTests.swift */ = {isa = PBXFileReference; lastKnownFileType = sourcecode.swift; path = TinkoffCalculatorUITestsLaunchTests.swift; sourceTree = "<group>"; };
/* End PBXFileReference section */

/* Begin PBXFrameworksBuildPhase section */
		E1DA5C1D2B9C99750035CE48 /* Frameworks */ = {
			isa = PBXFrameworksBuildPhase;
			buildActionMask = 2147483647;
			files = (
			);
			runOnlyForDeploymentPostprocessing = 0;
		};
		E1DA5C332B9C99780035CE48 /* Frameworks */ = {
			isa = PBXFrameworksBuildPhase;
			buildActionMask = 2147483647;
			files = (
			);
			runOnlyForDeploymentPostprocessing = 0;
		};
		E1DA5C3D2B9C99780035CE48 /* Frameworks */ = {
			isa = PBXFrameworksBuildPhase;
			buildActionMask = 2147483647;
			files = (
			);
			runOnlyForDeploymentPostprocessing = 0;
		};
/* End PBXFrameworksBuildPhase section */

/* Begin PBXGroup section */
		E1DA5C172B9C99750035CE48 = {
			isa = PBXGroup;
			children = (
				E1DA5C222B9C99750035CE48 /* TinkoffCalculator */,
				E1DA5C392B9C99780035CE48 /* TinkoffCalculatorTests */,
				E1DA5C432B9C99780035CE48 /* TinkoffCalculatorUITests */,
				E1DA5C212B9C99750035CE48 /* Products */,
			);
			sourceTree = "<group>";
		};
		E1DA5C212B9C99750035CE48 /* Products */ = {
			isa = PBXGroup;
			children = (
				E1DA5C202B9C99750035CE48 /* TinkoffCalculator.app */,
				E1DA5C362B9C99780035CE48 /* TinkoffCalculatorTests.xctest */,
				E1DA5C402B9C99780035CE48 /* TinkoffCalculatorUITests.xctest */,
			);
			name = Products;
			sourceTree = "<group>";
		};
		E1DA5C222B9C99750035CE48 /* TinkoffCalculator */ = {
			isa = PBXGroup;
			children = (
				E1DA5C232B9C99750035CE48 /* AppDelegate.swift */,
				E1DA5C252B9C99750035CE48 /* SceneDelegate.swift */,
				E1DA5C272B9C99750035CE48 /* ViewController.swift */,
				E1DA5C292B9C99750035CE48 /* Main.storyboard */,
				E1DA5C2C2B9C99770035CE48 /* Assets.xcassets */,
				E1DA5C2E2B9C99770035CE48 /* LaunchScreen.storyboard */,
				E1DA5C312B9C99770035CE48 /* Info.plist */,
			);
			path = TinkoffCalculator;
			sourceTree = "<group>";
		};
		E1DA5C392B9C99780035CE48 /* TinkoffCalculatorTests */ = {
			isa = PBXGroup;
			children = (
				E1DA5C3A2B9C99780035CE48 /* TinkoffCalculatorTests.swift */,
			);
			path = TinkoffCalculatorTests;
			sourceTree = "<group>";
		};
		E1DA5C432B9C99780035CE48 /* TinkoffCalculatorUITests */ = {
			isa = PBXGroup;
			children = (
				E1DA5C442B9C99780035CE48 /* TinkoffCalculatorUITests.swift */,
				E1DA5C462B9C99780035CE48 /* TinkoffCalculatorUITestsLaunchTests.swift */,
			);
			path = TinkoffCalculatorUITests;
			sourceTree = "<group>";
		};
/* End PBXGroup section */

/* Begin PBXNativeTarget section */
		E1DA5C1F2B9C99750035CE48 /* TinkoffCalculator */ = {
			isa = PBXNativeTarget;
			buildConfigurationList = E1DA5C4A2B9C99780035CE48 /* Build configuration list for PBXNativeTarget "TinkoffCalculator" */;
			buildPhases = (
				E1DA5C1C2B9C99750035CE48 /* Sources */,
				E1DA5C1D2B9C99750035CE48 /* Frameworks */,
				E1DA5C1E2B9C99750035CE48 /* Resources */,
			);
			buildRules = (
			);
			dependencies = (
			);
			name = TinkoffCalculator;
			productName = TinkoffCalculator;
			productReference = E1DA5C202B9C99750035CE48 /* TinkoffCalculator.app */;
			productType = "com.apple.product-type.application";
		};
		E1DA5C352B9C99780035CE48 /* TinkoffCalculatorTests */ = {
			isa = PBXNativeTarget;
			buildConfigurationList = E1DA5C4D2B9C99780035CE48 /* Build configuration list for PBXNativeTarget "TinkoffCalculatorTests" */;
			buildPhases = (
				E1DA5C322B9C99780035CE48 /* Sources */,
				E1DA5C332B9C99780035CE48 /* Frameworks */,
				E1DA5C342B9C99780035CE48 /* Resources */,
			);
			buildRules = (
			);
			dependencies = (
				E1DA5C382B9C99780035CE48 /* PBXTargetDependency */,
			);
			name = TinkoffCalculatorTests;
			productName = TinkoffCalculatorTests;
			productReference = E1DA5C362B9C99780035CE48 /* TinkoffCalculatorTests.xctest */;
			productType = "com.apple.product-type.bundle.unit-test";
		};
		E1DA5C3F2B9C99780035CE48 /* TinkoffCalculatorUITests */ = {
			isa = PBXNativeTarget;
			buildConfigurationList = E1DA5C502B9C99780035CE48 /* Build configuration list for PBXNativeTarget "TinkoffCalculatorUITests" */;
			buildPhases = (
				E1DA5C3C2B9C99780035CE48 /* Sources */,
				E1DA5C3D2B9C99780035CE48 /* Frameworks */,
				E1DA5C3E2B9C99780035CE48 /* Resources */,
			);
			buildRules = (
			);
			dependencies = (
				E1DA5C422B9C99780035CE48 /* PBXTargetDependency */,
			);
			name = TinkoffCalculatorUITests;
			productName = TinkoffCalculatorUITests;
			productReference = E1DA5C402B9C99780035CE48 /* TinkoffCalculatorUITests.xctest */;
			productType = "com.apple.product-type.bundle.ui-testing";
		};
/* End PBXNativeTarget section */

/* Begin PBXProject section */
		E1DA5C182B9C99750035CE48 /* Project object */ = {
			isa = PBXProject;
			attributes = {
				BuildIndependentTargetsInParallel = 1;
				LastSwiftUpdateCheck = 1430;
				LastUpgradeCheck = 1430;
				TargetAttributes = {
					E1DA5C1F2B9C99750035CE48 = {
						CreatedOnToolsVersion = 14.3.1;
					};
					E1DA5C352B9C99780035CE48 = {
						CreatedOnToolsVersion = 14.3.1;
						TestTargetID = E1DA5C1F2B9C99750035CE48;
					};
					E1DA5C3F2B9C99780035CE48 = {
						CreatedOnToolsVersion = 14.3.1;
						TestTargetID = E1DA5C1F2B9C99750035CE48;
					};
				};
			};
			buildConfigurationList = E1DA5C1B2B9C99750035CE48 /* Build configuration list for PBXProject "TinkoffCalculator" */;
			compatibilityVersion = "Xcode 14.0";
			developmentRegion = en;
			hasScannedForEncodings = 0;
			knownRegions = (
				en,
				Base,
			);
			mainGroup = E1DA5C172B9C99750035CE48;
			productRefGroup = E1DA5C212B9C99750035CE48 /* Products */;
			projectDirPath = "";
			projectRoot = "";
			targets = (
				E1DA5C1F2B9C99750035CE48 /* TinkoffCalculator */,
				E1DA5C352B9C99780035CE48 /* TinkoffCalculatorTests */,
				E1DA5C3F2B9C99780035CE48 /* TinkoffCalculatorUITests */,
			);
		};
/* End PBXProject section */

/* Begin PBXResourcesBuildPhase section */
		E1DA5C1E2B9C99750035CE48 /* Resources */ = {
			isa = PBXResourcesBuildPhase;
			buildActionMask = 2147483647;
			files = (
				E1DA5C302B9C99770035CE48 /* LaunchScreen.storyboard in Resources */,
				E1DA5C2D2B9C99770035CE48 /* Assets.xcassets in Resources */,
				E1DA5C2B2B9C99750035CE48 /* Main.storyboard in Resources */,
			);
			runOnlyForDeploymentPostprocessing = 0;
		};
		E1DA5C342B9C99780035CE48 /* Resources */ = {
			isa = PBXResourcesBuildPhase;
			buildActionMask = 2147483647;
			files = (
			);
			runOnlyForDeploymentPostprocessing = 0;
		};
		E1DA5C3E2B9C99780035CE48 /* Resources */ = {
			isa = PBXResourcesBuildPhase;
			buildActionMask = 2147483647;
			files = (
			);
			runOnlyForDeploymentPostprocessing = 0;
		};
/* End PBXResourcesBuildPhase section */

/* Begin PBXSourcesBuildPhase section */
		E1DA5C1C2B9C99750035CE48 /* Sources */ = {
			isa = PBXSourcesBuildPhase;
			buildActionMask = 2147483647;
			files = (
				E1DA5C282B9C99750035CE48 /* ViewController.swift in Sources */,
				E1DA5C242B9C99750035CE48 /* AppDelegate.swift in Sources */,
				E1DA5C262B9C99750035CE48 /* SceneDelegate.swift in Sources */,
			);
			runOnlyForDeploymentPostprocessing = 0;
		};
		E1DA5C322B9C99780035CE48 /* Sources */ = {
			isa = PBXSourcesBuildPhase;
			buildActionMask = 2147483647;
			files = (
				E1DA5C3B2B9C99780035CE48 /* TinkoffCalculatorTests.swift in Sources */,
			);
			runOnlyForDeploymentPostprocessing = 0;
		};
		E1DA5C3C2B9C99780035CE48 /* Sources */ = {
			isa = PBXSourcesBuildPhase;
			buildActionMask = 2147483647;
			files = (
				E1DA5C472B9C99780035CE48 /* TinkoffCalculatorUITestsLaunchTests.swift in Sources */,
				E1DA5C452B9C99780035CE48 /* TinkoffCalculatorUITests.swift in Sources */,
			);
			runOnlyForDeploymentPostprocessing = 0;
		};
/* End PBXSourcesBuildPhase section */

/* Begin PBXTargetDependency section */
		E1DA5C382B9C99780035CE48 /* PBXTargetDependency */ = {
			isa = PBXTargetDependency;
			target = E1DA5C1F2B9C99750035CE48 /* TinkoffCalculator */;
			targetProxy = E1DA5C372B9C99780035CE48 /* PBXContainerItemProxy */;
		};
		E1DA5C422B9C99780035CE48 /* PBXTargetDependency */ = {
			isa = PBXTargetDependency;
			target = E1DA5C1F2B9C99750035CE48 /* TinkoffCalculator */;
			targetProxy = E1DA5C412B9C99780035CE48 /* PBXContainerItemProxy */;
		};
/* End PBXTargetDependency section */

/* Begin PBXVariantGroup section */
		E1DA5C292B9C99750035CE48 /* Main.storyboard */ = {
			isa = PBXVariantGroup;
			children = (
				E1DA5C2A2B9C99750035CE48 /* Base */,
			);
			name = Main.storyboard;
			sourceTree = "<group>";
		};
		E1DA5C2E2B9C99770035CE48 /* LaunchScreen.storyboard */ = {
			isa = PBXVariantGroup;
			children = (
				E1DA5C2F2B9C99770035CE48 /* Base */,
			);
			name = LaunchScreen.storyboard;
			sourceTree = "<group>";
		};
/* End PBXVariantGroup section */

/* Begin XCBuildConfiguration section */
		E1DA5C482B9C99780035CE48 /* Debug */ = {
			isa = XCBuildConfiguration;
			buildSettings = {
				ALWAYS_SEARCH_USER_PATHS = NO;
				CLANG_ANALYZER_NONNULL = YES;
				CLANG_ANALYZER_NUMBER_OBJECT_CONVERSION = YES_AGGRESSIVE;
				CLANG_CXX_LANGUAGE_STANDARD = "gnu++20";
				CLANG_ENABLE_MODULES = YES;
				CLANG_ENABLE_OBJC_ARC = YES;
				CLANG_ENABLE_OBJC_WEAK = YES;
				CLANG_WARN_BLOCK_CAPTURE_AUTORELEASING = YES;
				CLANG_WARN_BOOL_CONVERSION = YES;
				CLANG_WARN_COMMA = YES;
				CLANG_WARN_CONSTANT_CONVERSION = YES;
				CLANG_WARN_DEPRECATED_OBJC_IMPLEMENTATIONS = YES;
				CLANG_WARN_DIRECT_OBJC_ISA_USAGE = YES_ERROR;
				CLANG_WARN_DOCUMENTATION_COMMENTS = YES;
				CLANG_WARN_EMPTY_BODY = YES;
				CLANG_WARN_ENUM_CONVERSION = YES;
				CLANG_WARN_INFINITE_RECURSION = YES;
				CLANG_WARN_INT_CONVERSION = YES;
				CLANG_WARN_NON_LITERAL_NULL_CONVERSION = YES;
				CLANG_WARN_OBJC_IMPLICIT_RETAIN_SELF = YES;
				CLANG_WARN_OBJC_LITERAL_CONVERSION = YES;
				CLANG_WARN_OBJC_ROOT_CLASS = YES_ERROR;
				CLANG_WARN_QUOTED_INCLUDE_IN_FRAMEWORK_HEADER = YES;
				CLANG_WARN_RANGE_LOOP_ANALYSIS = YES;
				CLANG_WARN_STRICT_PROTOTYPES = YES;
				CLANG_WARN_SUSPICIOUS_MOVE = YES;
				CLANG_WARN_UNGUARDED_AVAILABILITY = YES_AGGRESSIVE;
				CLANG_WARN_UNREACHABLE_CODE = YES;
				CLANG_WARN__DUPLICATE_METHOD_MATCH = YES;
				COPY_PHASE_STRIP = NO;
				DEBUG_INFORMATION_FORMAT = dwarf;
				ENABLE_STRICT_OBJC_MSGSEND = YES;
				ENABLE_TESTABILITY = YES;
				GCC_C_LANGUAGE_STANDARD = gnu11;
				GCC_DYNAMIC_NO_PIC = NO;
				GCC_NO_COMMON_BLOCKS = YES;
				GCC_OPTIMIZATION_LEVEL = 0;
				GCC_PREPROCESSOR_DEFINITIONS = (
					"DEBUG=1",
					"$(inherited)",
				);
				GCC_WARN_64_TO_32_BIT_CONVERSION = YES;
				GCC_WARN_ABOUT_RETURN_TYPE = YES_ERROR;
				GCC_WARN_UNDECLARED_SELECTOR = YES;
				GCC_WARN_UNINITIALIZED_AUTOS = YES_AGGRESSIVE;
				GCC_WARN_UNUSED_FUNCTION = YES;
				GCC_WARN_UNUSED_VARIABLE = YES;
				IPHONEOS_DEPLOYMENT_TARGET = 16.4;
				MTL_ENABLE_DEBUG_INFO = INCLUDE_SOURCE;
				MTL_FAST_MATH = YES;
				ONLY_ACTIVE_ARCH = YES;
				SDKROOT = iphoneos;
				SWIFT_ACTIVE_COMPILATION_CONDITIONS = DEBUG;
				SWIFT_OPTIMIZATION_LEVEL = "-Onone";
			};
			name = Debug;
		};
		E1DA5C492B9C99780035CE48 /* Release */ = {
			isa = XCBuildConfiguration;
			buildSettings = {
				ALWAYS_SEARCH_USER_PATHS = NO;
				CLANG_ANALYZER_NONNULL = YES;
				CLANG_ANALYZER_NUMBER_OBJECT_CONVERSION = YES_AGGRESSIVE;
				CLANG_CXX_LANGUAGE_STANDARD = "gnu++20";
				CLANG_ENABLE_MODULES = YES;
				CLANG_ENABLE_OBJC_ARC = YES;
				CLANG_ENABLE_OBJC_WEAK = YES;
				CLANG_WARN_BLOCK_CAPTURE_AUTORELEASING = YES;
				CLANG_WARN_BOOL_CONVERSION = YES;
				CLANG_WARN_COMMA = YES;
				CLANG_WARN_CONSTANT_CONVERSION = YES;
				CLANG_WARN_DEPRECATED_OBJC_IMPLEMENTATIONS = YES;
				CLANG_WARN_DIRECT_OBJC_ISA_USAGE = YES_ERROR;
				CLANG_WARN_DOCUMENTATION_COMMENTS = YES;
				CLANG_WARN_EMPTY_BODY = YES;
				CLANG_WARN_ENUM_CONVERSION = YES;
				CLANG_WARN_INFINITE_RECURSION = YES;
				CLANG_WARN_INT_CONVERSION = YES;
				CLANG_WARN_NON_LITERAL_NULL_CONVERSION = YES;
				CLANG_WARN_OBJC_IMPLICIT_RETAIN_SELF = YES;
				CLANG_WARN_OBJC_LITERAL_CONVERSION = YES;
				CLANG_WARN_OBJC_ROOT_CLASS = YES_ERROR;
				CLANG_WARN_QUOTED_INCLUDE_IN_FRAMEWORK_HEADER = YES;
				CLANG_WARN_RANGE_LOOP_ANALYSIS = YES;
				CLANG_WARN_STRICT_PROTOTYPES = YES;
				CLANG_WARN_SUSPICIOUS_MOVE = YES;
				CLANG_WARN_UNGUARDED_AVAILABILITY = YES_AGGRESSIVE;
				CLANG_WARN_UNREACHABLE_CODE = YES;
				CLANG_WARN__DUPLICATE_METHOD_MATCH = YES;
				COPY_PHASE_STRIP = NO;
				DEBUG_INFORMATION_FORMAT = "dwarf-with-dsym";
				ENABLE_NS_ASSERTIONS = NO;
				ENABLE_STRICT_OBJC_MSGSEND = YES;
				GCC_C_LANGUAGE_STANDARD = gnu11;
				GCC_NO_COMMON_BLOCKS = YES;
				GCC_WARN_64_TO_32_BIT_CONVERSION = YES;
				GCC_WARN_ABOUT_RETURN_TYPE = YES_ERROR;
				GCC_WARN_UNDECLARED_SELECTOR = YES;
				GCC_WARN_UNINITIALIZED_AUTOS = YES_AGGRESSIVE;
				GCC_WARN_UNUSED_FUNCTION = YES;
				GCC_WARN_UNUSED_VARIABLE = YES;
				IPHONEOS_DEPLOYMENT_TARGET = 16.4;
				MTL_ENABLE_DEBUG_INFO = NO;
				MTL_FAST_MATH = YES;
				SDKROOT = iphoneos;
				SWIFT_COMPILATION_MODE = wholemodule;
				SWIFT_OPTIMIZATION_LEVEL = "-O";
				VALIDATE_PRODUCT = YES;
			};
			name = Release;
		};
		E1DA5C4B2B9C99780035CE48 /* Debug */ = {
			isa = XCBuildConfiguration;
			buildSettings = {
				ASSETCATALOG_COMPILER_APPICON_NAME = AppIcon;
				ASSETCATALOG_COMPILER_GLOBAL_ACCENT_COLOR_NAME = AccentColor;
				CODE_SIGN_STYLE = Automatic;
				CURRENT_PROJECT_VERSION = 1;
				DEVELOPMENT_TEAM = XN39BVZ36W;
				GENERATE_INFOPLIST_FILE = YES;
				INFOPLIST_FILE = TinkoffCalculator/Info.plist;
				INFOPLIST_KEY_UIApplicationSupportsIndirectInputEvents = YES;
				INFOPLIST_KEY_UILaunchStoryboardName = LaunchScreen;
				INFOPLIST_KEY_UIMainStoryboardFile = Main;
				INFOPLIST_KEY_UISupportedInterfaceOrientations_iPad = "UIInterfaceOrientationPortrait UIInterfaceOrientationPortraitUpsideDown UIInterfaceOrientationLandscapeLeft UIInterfaceOrientationLandscapeRight";
				INFOPLIST_KEY_UISupportedInterfaceOrientations_iPhone = "UIInterfaceOrientationPortrait UIInterfaceOrientationLandscapeLeft UIInterfaceOrientationLandscapeRight";
				IPHONEOS_DEPLOYMENT_TARGET = 16.4;
				LD_RUNPATH_SEARCH_PATHS = (
					"$(inherited)",
					"@executable_path/Frameworks",
				);
				MARKETING_VERSION = 1.0;
				PRODUCT_BUNDLE_IDENTIFIER = Constantin.TinkoffCalculator;
				PRODUCT_NAME = "$(TARGET_NAME)";
				SWIFT_EMIT_LOC_STRINGS = YES;
				SWIFT_VERSION = 5.0;
				TARGETED_DEVICE_FAMILY = "1,2";
			};
			name = Debug;
		};
		E1DA5C4C2B9C99780035CE48 /* Release */ = {
			isa = XCBuildConfiguration;
			buildSettings = {
				ASSETCATALOG_COMPILER_APPICON_NAME = AppIcon;
				ASSETCATALOG_COMPILER_GLOBAL_ACCENT_COLOR_NAME = AccentColor;
				CODE_SIGN_STYLE = Automatic;
				CURRENT_PROJECT_VERSION = 1;
				DEVELOPMENT_TEAM = XN39BVZ36W;
				GENERATE_INFOPLIST_FILE = YES;
				INFOPLIST_FILE = TinkoffCalculator/Info.plist;
				INFOPLIST_KEY_UIApplicationSupportsIndirectInputEvents = YES;
				INFOPLIST_KEY_UILaunchStoryboardName = LaunchScreen;
				INFOPLIST_KEY_UIMainStoryboardFile = Main;
				INFOPLIST_KEY_UISupportedInterfaceOrientations_iPad = "UIInterfaceOrientationPortrait UIInterfaceOrientationPortraitUpsideDown UIInterfaceOrientationLandscapeLeft UIInterfaceOrientationLandscapeRight";
				INFOPLIST_KEY_UISupportedInterfaceOrientations_iPhone = "UIInterfaceOrientationPortrait UIInterfaceOrientationLandscapeLeft UIInterfaceOrientationLandscapeRight";
				IPHONEOS_DEPLOYMENT_TARGET = 16.4;
				LD_RUNPATH_SEARCH_PATHS = (
					"$(inherited)",
					"@executable_path/Frameworks",
				);
				MARKETING_VERSION = 1.0;
				PRODUCT_BUNDLE_IDENTIFIER = Constantin.TinkoffCalculator;
				PRODUCT_NAME = "$(TARGET_NAME)";
				SWIFT_EMIT_LOC_STRINGS = YES;
				SWIFT_VERSION = 5.0;
				TARGETED_DEVICE_FAMILY = "1,2";
			};
			name = Release;
		};
		E1DA5C4E2B9C99780035CE48 /* Debug */ = {
			isa = XCBuildConfiguration;
			buildSettings = {
				ALWAYS_EMBED_SWIFT_STANDARD_LIBRARIES = YES;
				BUNDLE_LOADER = "$(TEST_HOST)";
				CODE_SIGN_STYLE = Automatic;
				CURRENT_PROJECT_VERSION = 1;
				DEVELOPMENT_TEAM = XN39BVZ36W;
				GENERATE_INFOPLIST_FILE = YES;
				IPHONEOS_DEPLOYMENT_TARGET = 16.4;
				MARKETING_VERSION = 1.0;
				PRODUCT_BUNDLE_IDENTIFIER = Constantin.TinkoffCalculatorTests;
				PRODUCT_NAME = "$(TARGET_NAME)";
				SWIFT_EMIT_LOC_STRINGS = NO;
				SWIFT_VERSION = 5.0;
				TARGETED_DEVICE_FAMILY = "1,2";
				TEST_HOST = "$(BUILT_PRODUCTS_DIR)/TinkoffCalculator.app/$(BUNDLE_EXECUTABLE_FOLDER_PATH)/TinkoffCalculator";
			};
			name = Debug;
		};
		E1DA5C4F2B9C99780035CE48 /* Release */ = {
			isa = XCBuildConfiguration;
			buildSettings = {
				ALWAYS_EMBED_SWIFT_STANDARD_LIBRARIES = YES;
				BUNDLE_LOADER = "$(TEST_HOST)";
				CODE_SIGN_STYLE = Automatic;
				CURRENT_PROJECT_VERSION = 1;
				DEVELOPMENT_TEAM = XN39BVZ36W;
				GENERATE_INFOPLIST_FILE = YES;
				IPHONEOS_DEPLOYMENT_TARGET = 16.4;
				MARKETING_VERSION = 1.0;
				PRODUCT_BUNDLE_IDENTIFIER = Constantin.TinkoffCalculatorTests;
				PRODUCT_NAME = "$(TARGET_NAME)";
				SWIFT_EMIT_LOC_STRINGS = NO;
				SWIFT_VERSION = 5.0;
				TARGETED_DEVICE_FAMILY = "1,2";
				TEST_HOST = "$(BUILT_PRODUCTS_DIR)/TinkoffCalculator.app/$(BUNDLE_EXECUTABLE_FOLDER_PATH)/TinkoffCalculator";
			};
			name = Release;
		};
		E1DA5C512B9C99780035CE48 /* Debug */ = {
			isa = XCBuildConfiguration;
			buildSettings = {
				ALWAYS_EMBED_SWIFT_STANDARD_LIBRARIES = YES;
				CODE_SIGN_STYLE = Automatic;
				CURRENT_PROJECT_VERSION = 1;
				DEVELOPMENT_TEAM = XN39BVZ36W;
				GENERATE_INFOPLIST_FILE = YES;
				MARKETING_VERSION = 1.0;
				PRODUCT_BUNDLE_IDENTIFIER = Constantin.TinkoffCalculatorUITests;
				PRODUCT_NAME = "$(TARGET_NAME)";
				SWIFT_EMIT_LOC_STRINGS = NO;
				SWIFT_VERSION = 5.0;
				TARGETED_DEVICE_FAMILY = "1,2";
				TEST_TARGET_NAME = TinkoffCalculator;
			};
			name = Debug;
		};
		E1DA5C522B9C99780035CE48 /* Release */ = {
			isa = XCBuildConfiguration;
			buildSettings = {
				ALWAYS_EMBED_SWIFT_STANDARD_LIBRARIES = YES;
				CODE_SIGN_STYLE = Automatic;
				CURRENT_PROJECT_VERSION = 1;
				DEVELOPMENT_TEAM = XN39BVZ36W;
				GENERATE_INFOPLIST_FILE = YES;
				MARKETING_VERSION = 1.0;
				PRODUCT_BUNDLE_IDENTIFIER = Constantin.TinkoffCalculatorUITests;
				PRODUCT_NAME = "$(TARGET_NAME)";
				SWIFT_EMIT_LOC_STRINGS = NO;
				SWIFT_VERSION = 5.0;
				TARGETED_DEVICE_FAMILY = "1,2";
				TEST_TARGET_NAME = TinkoffCalculator;
			};
			name = Release;
		};
/* End XCBuildConfiguration section */

/* Begin XCConfigurationList section */
		E1DA5C1B2B9C99750035CE48 /* Build configuration list for PBXProject "TinkoffCalculator" */ = {
			isa = XCConfigurationList;
			buildConfigurations = (
				E1DA5C482B9C99780035CE48 /* Debug */,
				E1DA5C492B9C99780035CE48 /* Release */,
			);
			defaultConfigurationIsVisible = 0;
			defaultConfigurationName = Release;
		};
		E1DA5C4A2B9C99780035CE48 /* Build configuration list for PBXNativeTarget "TinkoffCalculator" */ = {
			isa = XCConfigurationList;
			buildConfigurations = (
				E1DA5C4B2B9C99780035CE48 /* Debug */,
				E1DA5C4C2B9C99780035CE48 /* Release */,
			);
			defaultConfigurationIsVisible = 0;
			defaultConfigurationName = Release;
		};
		E1DA5C4D2B9C99780035CE48 /* Build configuration list for PBXNativeTarget "TinkoffCalculatorTests" */ = {
			isa = XCConfigurationList;
			buildConfigurations = (
				E1DA5C4E2B9C99780035CE48 /* Debug */,
				E1DA5C4F2B9C99780035CE48 /* Release */,
			);
			defaultConfigurationIsVisible = 0;
			defaultConfigurationName = Release;
		};
		E1DA5C502B9C99780035CE48 /* Build configuration list for PBXNativeTarget "TinkoffCalculatorUITests" */ = {
			isa = XCConfigurationList;
			buildConfigurations = (
				E1DA5C512B9C99780035CE48 /* Debug */,
				E1DA5C522B9C99780035CE48 /* Release */,
			);
			defaultConfigurationIsVisible = 0;
			defaultConfigurationName = Release;
		};
/* End XCConfigurationList section */
	};
	rootObject = E1DA5C182B9C99750035CE48 /* Project object */;
}
